
Microsoft Visual Studio Solution File, Format Version 12.00
# Visual Studio Version 17
VisualStudioVersion = 17.9.34622.214
MinimumVisualStudioVersion = 10.0.40219.1
Project("{8BC9CEB8-8B4A-11D0-8D11-00A0C91BC942}") = "assignment1", "assignment1\assignment1.vcxproj", "{14BA3036-28B6-4712-9A9E-FFC965686A4D}"
EndProject
Global
	GlobalSection(SolutionConfigurationPlatforms) = preSolution
		Debug|x64 = Debug|x64
		Debug|x86 = Debug|x86
		Release|x64 = Release|x64
		Release|x86 = Release|x86
	EndGlobalSection
	GlobalSection(ProjectConfigurationPlatforms) = postSolution
		{14BA3036-28B6-4712-9A9E-FFC965686A4D}.Debug|x64.ActiveCfg = Debug|x64
		{14BA3036-28B6-4712-9A9E-FFC965686A4D}.Debug|x64.Build.0 = Debug|x64
		{14BA3036-28B6-4712-9A9E-FFC965686A4D}.Debug|x86.ActiveCfg = Debug|Win32
		{14BA3036-28B6-4712-9A9E-FFC965686A4D}.Debug|x86.Build.0 = Debug|Win32
		{14BA3036-28B6-4712-9A9E-FFC965686A4D}.Release|x64.ActiveCfg = Release|x64
		{14BA3036-28B6-4712-9A9E-FFC965686A4D}.Release|x64.Build.0 = Release|x64
		{14BA3036-28B6-4712-9A9E-FFC965686A4D}.Release|x86.ActiveCfg = Release|Win32
		{14BA3036-28B6-4712-9A9E-FFC965686A4D}.Release|x86.Build.0 = Release|Win32
	EndGlobalSection
	GlobalSection(SolutionProperties) = preSolution
		HideSolutionNode = FALSE
	EndGlobalSection
	GlobalSection(ExtensibilityGlobals) = postSolution
		SolutionGuid = {DAA01F96-0F0D-441D-991E-E5177CDD3E86}
	EndGlobalSection
EndGlobal
